// !$*UTF8*$!
{
	archiveVersion = 1;
	classes = {
	};
	objectVersion = 56;
	objects = {

/* Begin PBXBuildFile section */
		B2F0746A2B75C7AD00A97D2A /* tour_activitiesApp.swift in Sources */ = {isa = PBXBuildFile; fileRef = B2F074692B75C7AD00A97D2A /* tour_activitiesApp.swift */; };
		B2F0746C2B75C7AD00A97D2A /* ContentView.swift in Sources */ = {isa = PBXBuildFile; fileRef = B2F0746B2B75C7AD00A97D2A /* ContentView.swift */; };
		B2F0746E2B75C7AF00A97D2A /* Assets.xcassets in Resources */ = {isa = PBXBuildFile; fileRef = B2F0746D2B75C7AF00A97D2A /* Assets.xcassets */; };
		B2F074712B75C7AF00A97D2A /* Preview Assets.xcassets in Resources */ = {isa = PBXBuildFile; fileRef = B2F074702B75C7AF00A97D2A /* Preview Assets.xcassets */; };
		B2F0747B2B75C7B000A97D2A /* tour_activitiesTests.swift in Sources */ = {isa = PBXBuildFile; fileRef = B2F0747A2B75C7B000A97D2A /* tour_activitiesTests.swift */; };
		B2F074852B75C7B000A97D2A /* tour_activitiesUITests.swift in Sources */ = {isa = PBXBuildFile; fileRef = B2F074842B75C7B000A97D2A /* tour_activitiesUITests.swift */; };
		B2F074872B75C7B000A97D2A /* tour_activitiesUITestsLaunchTests.swift in Sources */ = {isa = PBXBuildFile; fileRef = B2F074862B75C7B000A97D2A /* tour_activitiesUITestsLaunchTests.swift */; };
		B2F074942B75D0BB00A97D2A /* TourData.swift in Sources */ = {isa = PBXBuildFile; fileRef = B2F074932B75D0BB00A97D2A /* TourData.swift */; };
		B2F074962B75E92900A97D2A /* TourListView.swift in Sources */ = {isa = PBXBuildFile; fileRef = B2F074952B75E92900A97D2A /* TourListView.swift */; };
		DA5659312B7A8F450080D9F9 /* TourDetails.swift in Sources */ = {isa = PBXBuildFile; fileRef = DA5659302B7A8F450080D9F9 /* TourDetails.swift */; };
		DAFF02022B7D9F4000116636 /* ViewModel.swift in Sources */ = {isa = PBXBuildFile; fileRef = DAFF02012B7D9F4000116636 /* ViewModel.swift */; };
		DAFF02042B7DA69F00116636 /* AppDelegate.swift in Sources */ = {isa = PBXBuildFile; fileRef = DAFF02032B7DA69F00116636 /* AppDelegate.swift */; };
/* End PBXBuildFile section */

/* Begin PBXContainerItemProxy section */
		B2F074772B75C7B000A97D2A /* PBXContainerItemProxy */ = {
			isa = PBXContainerItemProxy;
			containerPortal = B2F0745E2B75C7AD00A97D2A /* Project object */;
			proxyType = 1;
			remoteGlobalIDString = B2F074652B75C7AD00A97D2A;
			remoteInfo = tour_activities;
		};
		B2F074812B75C7B000A97D2A /* PBXContainerItemProxy */ = {
			isa = PBXContainerItemProxy;
			containerPortal = B2F0745E2B75C7AD00A97D2A /* Project object */;
			proxyType = 1;
			remoteGlobalIDString = B2F074652B75C7AD00A97D2A;
			remoteInfo = tour_activities;
		};
/* End PBXContainerItemProxy section */

/* Begin PBXFileReference section */
		B2F074662B75C7AD00A97D2A /* tour_activities.app */ = {isa = PBXFileReference; explicitFileType = wrapper.application; includeInIndex = 0; path = tour_activities.app; sourceTree = BUILT_PRODUCTS_DIR; };
		B2F074692B75C7AD00A97D2A /* tour_activitiesApp.swift */ = {isa = PBXFileReference; lastKnownFileType = sourcecode.swift; path = tour_activitiesApp.swift; sourceTree = "<group>"; };
		B2F0746B2B75C7AD00A97D2A /* ContentView.swift */ = {isa = PBXFileReference; lastKnownFileType = sourcecode.swift; path = ContentView.swift; sourceTree = "<group>"; };
		B2F0746D2B75C7AF00A97D2A /* Assets.xcassets */ = {isa = PBXFileReference; lastKnownFileType = folder.assetcatalog; path = Assets.xcassets; sourceTree = "<group>"; };
		B2F074702B75C7AF00A97D2A /* Preview Assets.xcassets */ = {isa = PBXFileReference; lastKnownFileType = folder.assetcatalog; path = "Preview Assets.xcassets"; sourceTree = "<group>"; };
		B2F074762B75C7B000A97D2A /* tour_activitiesTests.xctest */ = {isa = PBXFileReference; explicitFileType = wrapper.cfbundle; includeInIndex = 0; path = tour_activitiesTests.xctest; sourceTree = BUILT_PRODUCTS_DIR; };
		B2F0747A2B75C7B000A97D2A /* tour_activitiesTests.swift */ = {isa = PBXFileReference; lastKnownFileType = sourcecode.swift; path = tour_activitiesTests.swift; sourceTree = "<group>"; };
		B2F074802B75C7B000A97D2A /* tour_activitiesUITests.xctest */ = {isa = PBXFileReference; explicitFileType = wrapper.cfbundle; includeInIndex = 0; path = tour_activitiesUITests.xctest; sourceTree = BUILT_PRODUCTS_DIR; };
		B2F074842B75C7B000A97D2A /* tour_activitiesUITests.swift */ = {isa = PBXFileReference; lastKnownFileType = sourcecode.swift; path = tour_activitiesUITests.swift; sourceTree = "<group>"; };
		B2F074862B75C7B000A97D2A /* tour_activitiesUITestsLaunchTests.swift */ = {isa = PBXFileReference; lastKnownFileType = sourcecode.swift; path = tour_activitiesUITestsLaunchTests.swift; sourceTree = "<group>"; };
		B2F074932B75D0BB00A97D2A /* TourData.swift */ = {isa = PBXFileReference; lastKnownFileType = sourcecode.swift; path = TourData.swift; sourceTree = "<group>"; };
		B2F074952B75E92900A97D2A /* TourListView.swift */ = {isa = PBXFileReference; lastKnownFileType = sourcecode.swift; path = TourListView.swift; sourceTree = "<group>"; };
		DA5659302B7A8F450080D9F9 /* TourDetails.swift */ = {isa = PBXFileReference; lastKnownFileType = sourcecode.swift; path = TourDetails.swift; sourceTree = "<group>"; };
		DAFF02012B7D9F4000116636 /* ViewModel.swift */ = {isa = PBXFileReference; lastKnownFileType = sourcecode.swift; path = ViewModel.swift; sourceTree = "<group>"; };
		DAFF02032B7DA69F00116636 /* AppDelegate.swift */ = {isa = PBXFileReference; lastKnownFileType = sourcecode.swift; path = AppDelegate.swift; sourceTree = "<group>"; };
/* End PBXFileReference section */

/* Begin PBXFrameworksBuildPhase section */
		B2F074632B75C7AD00A97D2A /* Frameworks */ = {
			isa = PBXFrameworksBuildPhase;
			buildActionMask = 2147483647;
			files = (
			);
			runOnlyForDeploymentPostprocessing = 0;
		};
		B2F074732B75C7B000A97D2A /* Frameworks */ = {
			isa = PBXFrameworksBuildPhase;
			buildActionMask = 2147483647;
			files = (
			);
			runOnlyForDeploymentPostprocessing = 0;
		};
		B2F0747D2B75C7B000A97D2A /* Frameworks */ = {
			isa = PBXFrameworksBuildPhase;
			buildActionMask = 2147483647;
			files = (
			);
			runOnlyForDeploymentPostprocessing = 0;
		};
/* End PBXFrameworksBuildPhase section */

/* Begin PBXGroup section */
		B2F0745D2B75C7AD00A97D2A = {
			isa = PBXGroup;
			children = (
				DAFF02032B7DA69F00116636 /* AppDelegate.swift */,
				DAFF02012B7D9F4000116636 /* ViewModel.swift */,
				B2F074682B75C7AD00A97D2A /* tour_activities */,
				B2F074792B75C7B000A97D2A /* tour_activitiesTests */,
				B2F074832B75C7B000A97D2A /* tour_activitiesUITests */,
				B2F074672B75C7AD00A97D2A /* Products */,
			);
			sourceTree = "<group>";
		};
		B2F074672B75C7AD00A97D2A /* Products */ = {
			isa = PBXGroup;
			children = (
				B2F074662B75C7AD00A97D2A /* tour_activities.app */,
				B2F074762B75C7B000A97D2A /* tour_activitiesTests.xctest */,
				B2F074802B75C7B000A97D2A /* tour_activitiesUITests.xctest */,
			);
			name = Products;
			sourceTree = "<group>";
		};
		B2F074682B75C7AD00A97D2A /* tour_activities */ = {
			isa = PBXGroup;
			children = (
				B2F074692B75C7AD00A97D2A /* tour_activitiesApp.swift */,
				B2F0746B2B75C7AD00A97D2A /* ContentView.swift */,
				B2F0746D2B75C7AF00A97D2A /* Assets.xcassets */,
				B2F074932B75D0BB00A97D2A /* TourData.swift */,
				B2F0746F2B75C7AF00A97D2A /* Preview Content */,
			);
			path = tour_activities;
			sourceTree = "<group>";
		};
		B2F0746F2B75C7AF00A97D2A /* Preview Content */ = {
			isa = PBXGroup;
			children = (
				B2F074952B75E92900A97D2A /* TourListView.swift */,
				B2F074702B75C7AF00A97D2A /* Preview Assets.xcassets */,
				DA5659302B7A8F450080D9F9 /* TourDetails.swift */,
			);
			path = "Preview Content";
			sourceTree = "<group>";
		};
		B2F074792B75C7B000A97D2A /* tour_activitiesTests */ = {
			isa = PBXGroup;
			children = (
				B2F0747A2B75C7B000A97D2A /* tour_activitiesTests.swift */,
			);
			path = tour_activitiesTests;
			sourceTree = "<group>";
		};
		B2F074832B75C7B000A97D2A /* tour_activitiesUITests */ = {
			isa = PBXGroup;
			children = (
				B2F074842B75C7B000A97D2A /* tour_activitiesUITests.swift */,
				B2F074862B75C7B000A97D2A /* tour_activitiesUITestsLaunchTests.swift */,
			);
			path = tour_activitiesUITests;
			sourceTree = "<group>";
		};
/* End PBXGroup section */

/* Begin PBXNativeTarget section */
		B2F074652B75C7AD00A97D2A /* tour_activities */ = {
			isa = PBXNativeTarget;
			buildConfigurationList = B2F0748A2B75C7B000A97D2A /* Build configuration list for PBXNativeTarget "tour_activities" */;
			buildPhases = (
				B2F074622B75C7AD00A97D2A /* Sources */,
				B2F074632B75C7AD00A97D2A /* Frameworks */,
				B2F074642B75C7AD00A97D2A /* Resources */,
			);
			buildRules = (
			);
			dependencies = (
			);
			name = tour_activities;
			productName = tour_activities;
			productReference = B2F074662B75C7AD00A97D2A /* tour_activities.app */;
			productType = "com.apple.product-type.application";
		};
		B2F074752B75C7B000A97D2A /* tour_activitiesTests */ = {
			isa = PBXNativeTarget;
			buildConfigurationList = B2F0748D2B75C7B000A97D2A /* Build configuration list for PBXNativeTarget "tour_activitiesTests" */;
			buildPhases = (
				B2F074722B75C7B000A97D2A /* Sources */,
				B2F074732B75C7B000A97D2A /* Frameworks */,
				B2F074742B75C7B000A97D2A /* Resources */,
			);
			buildRules = (
			);
			dependencies = (
				B2F074782B75C7B000A97D2A /* PBXTargetDependency */,
			);
			name = tour_activitiesTests;
			productName = tour_activitiesTests;
			productReference = B2F074762B75C7B000A97D2A /* tour_activitiesTests.xctest */;
			productType = "com.apple.product-type.bundle.unit-test";
		};
		B2F0747F2B75C7B000A97D2A /* tour_activitiesUITests */ = {
			isa = PBXNativeTarget;
			buildConfigurationList = B2F074902B75C7B000A97D2A /* Build configuration list for PBXNativeTarget "tour_activitiesUITests" */;
			buildPhases = (
				B2F0747C2B75C7B000A97D2A /* Sources */,
				B2F0747D2B75C7B000A97D2A /* Frameworks */,
				B2F0747E2B75C7B000A97D2A /* Resources */,
			);
			buildRules = (
			);
			dependencies = (
				B2F074822B75C7B000A97D2A /* PBXTargetDependency */,
			);
			name = tour_activitiesUITests;
			productName = tour_activitiesUITests;
			productReference = B2F074802B75C7B000A97D2A /* tour_activitiesUITests.xctest */;
			productType = "com.apple.product-type.bundle.ui-testing";
		};
/* End PBXNativeTarget section */

/* Begin PBXProject section */
		B2F0745E2B75C7AD00A97D2A /* Project object */ = {
			isa = PBXProject;
			attributes = {
				BuildIndependentTargetsInParallel = 1;
				LastSwiftUpdateCheck = 1520;
				LastUpgradeCheck = 1520;
				TargetAttributes = {
					B2F074652B75C7AD00A97D2A = {
						CreatedOnToolsVersion = 15.2;
					};
					B2F074752B75C7B000A97D2A = {
						CreatedOnToolsVersion = 15.2;
						TestTargetID = B2F074652B75C7AD00A97D2A;
					};
					B2F0747F2B75C7B000A97D2A = {
						CreatedOnToolsVersion = 15.2;
						TestTargetID = B2F074652B75C7AD00A97D2A;
					};
				};
			};
			buildConfigurationList = B2F074612B75C7AD00A97D2A /* Build configuration list for PBXProject "tour_activities" */;
			compatibilityVersion = "Xcode 14.0";
			developmentRegion = en;
			hasScannedForEncodings = 0;
			knownRegions = (
				en,
				Base,
			);
			mainGroup = B2F0745D2B75C7AD00A97D2A;
			productRefGroup = B2F074672B75C7AD00A97D2A /* Products */;
			projectDirPath = "";
			projectRoot = "";
			targets = (
				B2F074652B75C7AD00A97D2A /* tour_activities */,
				B2F074752B75C7B000A97D2A /* tour_activitiesTests */,
				B2F0747F2B75C7B000A97D2A /* tour_activitiesUITests */,
			);
		};
/* End PBXProject section */

/* Begin PBXResourcesBuildPhase section */
		B2F074642B75C7AD00A97D2A /* Resources */ = {
			isa = PBXResourcesBuildPhase;
			buildActionMask = 2147483647;
			files = (
				B2F074712B75C7AF00A97D2A /* Preview Assets.xcassets in Resources */,
				B2F0746E2B75C7AF00A97D2A /* Assets.xcassets in Resources */,
			);
			runOnlyForDeploymentPostprocessing = 0;
		};
		B2F074742B75C7B000A97D2A /* Resources */ = {
			isa = PBXResourcesBuildPhase;
			buildActionMask = 2147483647;
			files = (
			);
			runOnlyForDeploymentPostprocessing = 0;
		};
		B2F0747E2B75C7B000A97D2A /* Resources */ = {
			isa = PBXResourcesBuildPhase;
			buildActionMask = 2147483647;
			files = (
			);
			runOnlyForDeploymentPostprocessing = 0;
		};
/* End PBXResourcesBuildPhase section */

/* Begin PBXSourcesBuildPhase section */
		B2F074622B75C7AD00A97D2A /* Sources */ = {
			isa = PBXSourcesBuildPhase;
			buildActionMask = 2147483647;
			files = (
				B2F0746C2B75C7AD00A97D2A /* ContentView.swift in Sources */,
				B2F074942B75D0BB00A97D2A /* TourData.swift in Sources */,
				DA5659312B7A8F450080D9F9 /* TourDetails.swift in Sources */,
				B2F074962B75E92900A97D2A /* TourListView.swift in Sources */,
				DAFF02042B7DA69F00116636 /* AppDelegate.swift in Sources */,
				DAFF02022B7D9F4000116636 /* ViewModel.swift in Sources */,
				B2F0746A2B75C7AD00A97D2A /* tour_activitiesApp.swift in Sources */,
			);
			runOnlyForDeploymentPostprocessing = 0;
		};
		B2F074722B75C7B000A97D2A /* Sources */ = {
			isa = PBXSourcesBuildPhase;
			buildActionMask = 2147483647;
			files = (
				B2F0747B2B75C7B000A97D2A /* tour_activitiesTests.swift in Sources */,
			);
			runOnlyForDeploymentPostprocessing = 0;
		};
		B2F0747C2B75C7B000A97D2A /* Sources */ = {
			isa = PBXSourcesBuildPhase;
			buildActionMask = 2147483647;
			files = (
				B2F074852B75C7B000A97D2A /* tour_activitiesUITests.swift in Sources */,
				B2F074872B75C7B000A97D2A /* tour_activitiesUITestsLaunchTests.swift in Sources */,
			);
			runOnlyForDeploymentPostprocessing = 0;
		};
/* End PBXSourcesBuildPhase section */

/* Begin PBXTargetDependency section */
		B2F074782B75C7B000A97D2A /* PBXTargetDependency */ = {
			isa = PBXTargetDependency;
			target = B2F074652B75C7AD00A97D2A /* tour_activities */;
			targetProxy = B2F074772B75C7B000A97D2A /* PBXContainerItemProxy */;
		};
		B2F074822B75C7B000A97D2A /* PBXTargetDependency */ = {
			isa = PBXTargetDependency;
			target = B2F074652B75C7AD00A97D2A /* tour_activities */;
			targetProxy = B2F074812B75C7B000A97D2A /* PBXContainerItemProxy */;
		};
/* End PBXTargetDependency section */

/* Begin XCBuildConfiguration section */
		B2F074882B75C7B000A97D2A /* Debug */ = {
			isa = XCBuildConfiguration;
			buildSettings = {
				ALWAYS_SEARCH_USER_PATHS = NO;
				ASSETCATALOG_COMPILER_GENERATE_SWIFT_ASSET_SYMBOL_EXTENSIONS = YES;
				CLANG_ANALYZER_NONNULL = YES;
				CLANG_ANALYZER_NUMBER_OBJECT_CONVERSION = YES_AGGRESSIVE;
				CLANG_CXX_LANGUAGE_STANDARD = "gnu++20";
				CLANG_ENABLE_MODULES = YES;
				CLANG_ENABLE_OBJC_ARC = YES;
				CLANG_ENABLE_OBJC_WEAK = YES;
				CLANG_WARN_BLOCK_CAPTURE_AUTORELEASING = YES;
				CLANG_WARN_BOOL_CONVERSION = YES;
				CLANG_WARN_COMMA = YES;
				CLANG_WARN_CONSTANT_CONVERSION = YES;
				CLANG_WARN_DEPRECATED_OBJC_IMPLEMENTATIONS = YES;
				CLANG_WARN_DIRECT_OBJC_ISA_USAGE = YES_ERROR;
				CLANG_WARN_DOCUMENTATION_COMMENTS = YES;
				CLANG_WARN_EMPTY_BODY = YES;
				CLANG_WARN_ENUM_CONVERSION = YES;
				CLANG_WARN_INFINITE_RECURSION = YES;
				CLANG_WARN_INT_CONVERSION = YES;
				CLANG_WARN_NON_LITERAL_NULL_CONVERSION = YES;
				CLANG_WARN_OBJC_IMPLICIT_RETAIN_SELF = YES;
				CLANG_WARN_OBJC_LITERAL_CONVERSION = YES;
				CLANG_WARN_OBJC_ROOT_CLASS = YES_ERROR;
				CLANG_WARN_QUOTED_INCLUDE_IN_FRAMEWORK_HEADER = YES;
				CLANG_WARN_RANGE_LOOP_ANALYSIS = YES;
				CLANG_WARN_STRICT_PROTOTYPES = YES;
				CLANG_WARN_SUSPICIOUS_MOVE = YES;
				CLANG_WARN_UNGUARDED_AVAILABILITY = YES_AGGRESSIVE;
				CLANG_WARN_UNREACHABLE_CODE = YES;
				CLANG_WARN__DUPLICATE_METHOD_MATCH = YES;
				COPY_PHASE_STRIP = NO;
				DEBUG_INFORMATION_FORMAT = dwarf;
				ENABLE_STRICT_OBJC_MSGSEND = YES;
				ENABLE_TESTABILITY = YES;
				ENABLE_USER_SCRIPT_SANDBOXING = YES;
				GCC_C_LANGUAGE_STANDARD = gnu17;
				GCC_DYNAMIC_NO_PIC = NO;
				GCC_NO_COMMON_BLOCKS = YES;
				GCC_OPTIMIZATION_LEVEL = 0;
				GCC_PREPROCESSOR_DEFINITIONS = (
					"DEBUG=1",
					"$(inherited)",
				);
				GCC_WARN_64_TO_32_BIT_CONVERSION = YES;
				GCC_WARN_ABOUT_RETURN_TYPE = YES_ERROR;
				GCC_WARN_UNDECLARED_SELECTOR = YES;
				GCC_WARN_UNINITIALIZED_AUTOS = YES_AGGRESSIVE;
				GCC_WARN_UNUSED_FUNCTION = YES;
				GCC_WARN_UNUSED_VARIABLE = YES;
				IPHONEOS_DEPLOYMENT_TARGET = 17.2;
				LOCALIZATION_PREFERS_STRING_CATALOGS = YES;
				MTL_ENABLE_DEBUG_INFO = INCLUDE_SOURCE;
				MTL_FAST_MATH = YES;
				ONLY_ACTIVE_ARCH = YES;
				SDKROOT = iphoneos;
				SWIFT_ACTIVE_COMPILATION_CONDITIONS = "DEBUG $(inherited)";
				SWIFT_OPTIMIZATION_LEVEL = "-Onone";
			};
			name = Debug;
		};
		B2F074892B75C7B000A97D2A /* Release */ = {
			isa = XCBuildConfiguration;
			buildSettings = {
				ALWAYS_SEARCH_USER_PATHS = NO;
				ASSETCATALOG_COMPILER_GENERATE_SWIFT_ASSET_SYMBOL_EXTENSIONS = YES;
				CLANG_ANALYZER_NONNULL = YES;
				CLANG_ANALYZER_NUMBER_OBJECT_CONVERSION = YES_AGGRESSIVE;
				CLANG_CXX_LANGUAGE_STANDARD = "gnu++20";
				CLANG_ENABLE_MODULES = YES;
				CLANG_ENABLE_OBJC_ARC = YES;
				CLANG_ENABLE_OBJC_WEAK = YES;
				CLANG_WARN_BLOCK_CAPTURE_AUTORELEASING = YES;
				CLANG_WARN_BOOL_CONVERSION = YES;
				CLANG_WARN_COMMA = YES;
				CLANG_WARN_CONSTANT_CONVERSION = YES;
				CLANG_WARN_DEPRECATED_OBJC_IMPLEMENTATIONS = YES;
				CLANG_WARN_DIRECT_OBJC_ISA_USAGE = YES_ERROR;
				CLANG_WARN_DOCUMENTATION_COMMENTS = YES;
				CLANG_WARN_EMPTY_BODY = YES;
				CLANG_WARN_ENUM_CONVERSION = YES;
				CLANG_WARN_INFINITE_RECURSION = YES;
				CLANG_WARN_INT_CONVERSION = YES;
				CLANG_WARN_NON_LITERAL_NULL_CONVERSION = YES;
				CLANG_WARN_OBJC_IMPLICIT_RETAIN_SELF = YES;
				CLANG_WARN_OBJC_LITERAL_CONVERSION = YES;
				CLANG_WARN_OBJC_ROOT_CLASS = YES_ERROR;
				CLANG_WARN_QUOTED_INCLUDE_IN_FRAMEWORK_HEADER = YES;
				CLANG_WARN_RANGE_LOOP_ANALYSIS = YES;
				CLANG_WARN_STRICT_PROTOTYPES = YES;
				CLANG_WARN_SUSPICIOUS_MOVE = YES;
				CLANG_WARN_UNGUARDED_AVAILABILITY = YES_AGGRESSIVE;
				CLANG_WARN_UNREACHABLE_CODE = YES;
				CLANG_WARN__DUPLICATE_METHOD_MATCH = YES;
				COPY_PHASE_STRIP = NO;
				DEBUG_INFORMATION_FORMAT = "dwarf-with-dsym";
				ENABLE_NS_ASSERTIONS = NO;
				ENABLE_STRICT_OBJC_MSGSEND = YES;
				ENABLE_USER_SCRIPT_SANDBOXING = YES;
				GCC_C_LANGUAGE_STANDARD = gnu17;
				GCC_NO_COMMON_BLOCKS = YES;
				GCC_WARN_64_TO_32_BIT_CONVERSION = YES;
				GCC_WARN_ABOUT_RETURN_TYPE = YES_ERROR;
				GCC_WARN_UNDECLARED_SELECTOR = YES;
				GCC_WARN_UNINITIALIZED_AUTOS = YES_AGGRESSIVE;
				GCC_WARN_UNUSED_FUNCTION = YES;
				GCC_WARN_UNUSED_VARIABLE = YES;
				IPHONEOS_DEPLOYMENT_TARGET = 17.2;
				LOCALIZATION_PREFERS_STRING_CATALOGS = YES;
				MTL_ENABLE_DEBUG_INFO = NO;
				MTL_FAST_MATH = YES;
				SDKROOT = iphoneos;
				SWIFT_COMPILATION_MODE = wholemodule;
				VALIDATE_PRODUCT = YES;
			};
			name = Release;
		};
		B2F0748B2B75C7B000A97D2A /* Debug */ = {
			isa = XCBuildConfiguration;
			buildSettings = {
				ASSETCATALOG_COMPILER_APPICON_NAME = AppIcon;
				ASSETCATALOG_COMPILER_GLOBAL_ACCENT_COLOR_NAME = AccentColor;
				CODE_SIGN_STYLE = Automatic;
				CURRENT_PROJECT_VERSION = 1;
				DEVELOPMENT_ASSET_PATHS = "\"tour_activities/Preview Content\"";
				DEVELOPMENT_TEAM = 8VK6TW62A3;
				ENABLE_PREVIEWS = YES;
				GENERATE_INFOPLIST_FILE = YES;
				INFOPLIST_KEY_UIApplicationSceneManifest_Generation = YES;
				INFOPLIST_KEY_UIApplicationSupportsIndirectInputEvents = YES;
				INFOPLIST_KEY_UILaunchScreen_Generation = YES;
				INFOPLIST_KEY_UISupportedInterfaceOrientations_iPad = "UIInterfaceOrientationPortrait UIInterfaceOrientationPortraitUpsideDown UIInterfaceOrientationLandscapeLeft UIInterfaceOrientationLandscapeRight";
				INFOPLIST_KEY_UISupportedInterfaceOrientations_iPhone = "UIInterfaceOrientationPortrait UIInterfaceOrientationLandscapeLeft UIInterfaceOrientationLandscapeRight";
				LD_RUNPATH_SEARCH_PATHS = (
					"$(inherited)",
					"@executable_path/Frameworks",
				);
				MARKETING_VERSION = 1.0;
				PRODUCT_BUNDLE_IDENTIFIER = "Johnny.tour-activities";
				PRODUCT_NAME = "$(TARGET_NAME)";
				SWIFT_EMIT_LOC_STRINGS = YES;
				SWIFT_VERSION = 5.0;
				TARGETED_DEVICE_FAMILY = "1,2";
			};
			name = Debug;
		};
		B2F0748C2B75C7B000A97D2A /* Release */ = {
			isa = XCBuildConfiguration;
			buildSettings = {
				ASSETCATALOG_COMPILER_APPICON_NAME = AppIcon;
				ASSETCATALOG_COMPILER_GLOBAL_ACCENT_COLOR_NAME = AccentColor;
				CODE_SIGN_STYLE = Automatic;
				CURRENT_PROJECT_VERSION = 1;
				DEVELOPMENT_ASSET_PATHS = "\"tour_activities/Preview Content\"";
				DEVELOPMENT_TEAM = 8VK6TW62A3;
				ENABLE_PREVIEWS = YES;
				GENERATE_INFOPLIST_FILE = YES;
				INFOPLIST_KEY_UIApplicationSceneManifest_Generation = YES;
				INFOPLIST_KEY_UIApplicationSupportsIndirectInputEvents = YES;
				INFOPLIST_KEY_UILaunchScreen_Generation = YES;
				INFOPLIST_KEY_UISupportedInterfaceOrientations_iPad = "UIInterfaceOrientationPortrait UIInterfaceOrientationPortraitUpsideDown UIInterfaceOrientationLandscapeLeft UIInterfaceOrientationLandscapeRight";
				INFOPLIST_KEY_UISupportedInterfaceOrientations_iPhone = "UIInterfaceOrientationPortrait UIInterfaceOrientationLandscapeLeft UIInterfaceOrientationLandscapeRight";
				LD_RUNPATH_SEARCH_PATHS = (
					"$(inherited)",
					"@executable_path/Frameworks",
				);
				MARKETING_VERSION = 1.0;
				PRODUCT_BUNDLE_IDENTIFIER = "Johnny.tour-activities";
				PRODUCT_NAME = "$(TARGET_NAME)";
				SWIFT_EMIT_LOC_STRINGS = YES;
				SWIFT_VERSION = 5.0;
				TARGETED_DEVICE_FAMILY = "1,2";
			};
			name = Release;
		};
		B2F0748E2B75C7B000A97D2A /* Debug */ = {
			isa = XCBuildConfiguration;
			buildSettings = {
				ALWAYS_EMBED_SWIFT_STANDARD_LIBRARIES = YES;
				BUNDLE_LOADER = "$(TEST_HOST)";
				CODE_SIGN_STYLE = Automatic;
				CURRENT_PROJECT_VERSION = 1;
				GENERATE_INFOPLIST_FILE = YES;
				IPHONEOS_DEPLOYMENT_TARGET = 17.2;
				MARKETING_VERSION = 1.0;
				PRODUCT_BUNDLE_IDENTIFIER = "Johnny.tour-activitiesTests";
				PRODUCT_NAME = "$(TARGET_NAME)";
				SWIFT_EMIT_LOC_STRINGS = NO;
				SWIFT_VERSION = 5.0;
				TARGETED_DEVICE_FAMILY = "1,2";
				TEST_HOST = "$(BUILT_PRODUCTS_DIR)/tour_activities.app/$(BUNDLE_EXECUTABLE_FOLDER_PATH)/tour_activities";
			};
			name = Debug;
		};
		B2F0748F2B75C7B000A97D2A /* Release */ = {
			isa = XCBuildConfiguration;
			buildSettings = {
				ALWAYS_EMBED_SWIFT_STANDARD_LIBRARIES = YES;
				BUNDLE_LOADER = "$(TEST_HOST)";
				CODE_SIGN_STYLE = Automatic;
				CURRENT_PROJECT_VERSION = 1;
				GENERATE_INFOPLIST_FILE = YES;
				IPHONEOS_DEPLOYMENT_TARGET = 17.2;
				MARKETING_VERSION = 1.0;
				PRODUCT_BUNDLE_IDENTIFIER = "Johnny.tour-activitiesTests";
				PRODUCT_NAME = "$(TARGET_NAME)";
				SWIFT_EMIT_LOC_STRINGS = NO;
				SWIFT_VERSION = 5.0;
				TARGETED_DEVICE_FAMILY = "1,2";
				TEST_HOST = "$(BUILT_PRODUCTS_DIR)/tour_activities.app/$(BUNDLE_EXECUTABLE_FOLDER_PATH)/tour_activities";
			};
			name = Release;
		};
		B2F074912B75C7B000A97D2A /* Debug */ = {
			isa = XCBuildConfiguration;
			buildSettings = {
				ALWAYS_EMBED_SWIFT_STANDARD_LIBRARIES = YES;
				CODE_SIGN_STYLE = Automatic;
				CURRENT_PROJECT_VERSION = 1;
				GENERATE_INFOPLIST_FILE = YES;
				MARKETING_VERSION = 1.0;
				PRODUCT_BUNDLE_IDENTIFIER = "Johnny.tour-activitiesUITests";
				PRODUCT_NAME = "$(TARGET_NAME)";
				SWIFT_EMIT_LOC_STRINGS = NO;
				SWIFT_VERSION = 5.0;
				TARGETED_DEVICE_FAMILY = "1,2";
				TEST_TARGET_NAME = tour_activities;
			};
			name = Debug;
		};
		B2F074922B75C7B000A97D2A /* Release */ = {
			isa = XCBuildConfiguration;
			buildSettings = {
				ALWAYS_EMBED_SWIFT_STANDARD_LIBRARIES = YES;
				CODE_SIGN_STYLE = Automatic;
				CURRENT_PROJECT_VERSION = 1;
				GENERATE_INFOPLIST_FILE = YES;
				MARKETING_VERSION = 1.0;
				PRODUCT_BUNDLE_IDENTIFIER = "Johnny.tour-activitiesUITests";
				PRODUCT_NAME = "$(TARGET_NAME)";
				SWIFT_EMIT_LOC_STRINGS = NO;
				SWIFT_VERSION = 5.0;
				TARGETED_DEVICE_FAMILY = "1,2";
				TEST_TARGET_NAME = tour_activities;
			};
			name = Release;
		};
/* End XCBuildConfiguration section */

/* Begin XCConfigurationList section */
		B2F074612B75C7AD00A97D2A /* Build configuration list for PBXProject "tour_activities" */ = {
			isa = XCConfigurationList;
			buildConfigurations = (
				B2F074882B75C7B000A97D2A /* Debug */,
				B2F074892B75C7B000A97D2A /* Release */,
			);
			defaultConfigurationIsVisible = 0;
			defaultConfigurationName = Release;
		};
		B2F0748A2B75C7B000A97D2A /* Build configuration list for PBXNativeTarget "tour_activities" */ = {
			isa = XCConfigurationList;
			buildConfigurations = (
				B2F0748B2B75C7B000A97D2A /* Debug */,
				B2F0748C2B75C7B000A97D2A /* Release */,
			);
			defaultConfigurationIsVisible = 0;
			defaultConfigurationName = Release;
		};
		B2F0748D2B75C7B000A97D2A /* Build configuration list for PBXNativeTarget "tour_activitiesTests" */ = {
			isa = XCConfigurationList;
			buildConfigurations = (
				B2F0748E2B75C7B000A97D2A /* Debug */,
				B2F0748F2B75C7B000A97D2A /* Release */,
			);
			defaultConfigurationIsVisible = 0;
			defaultConfigurationName = Release;
		};
		B2F074902B75C7B000A97D2A /* Build configuration list for PBXNativeTarget "tour_activitiesUITests" */ = {
			isa = XCConfigurationList;
			buildConfigurations = (
				B2F074912B75C7B000A97D2A /* Debug */,
				B2F074922B75C7B000A97D2A /* Release */,
			);
			defaultConfigurationIsVisible = 0;
			defaultConfigurationName = Release;
		};
/* End XCConfigurationList section */
	};
	rootObject = B2F0745E2B75C7AD00A97D2A /* Project object */;
}
